
Microsoft Visual Studio Solution File, Format Version 12.00
# Visual Studio Version 17
VisualStudioVersion = 17.14.36408.4 d17.14
MinimumVisualStudioVersion = 10.0.40219.1
Project("{FAE04EC0-301F-11D3-BF4B-00C04F79EFBC}") = "BTL - Nhóm 1", "BTL - Nhóm 1.csproj", "{75C9BE19-CEA2-45C7-B772-DF2536DF8370}"
EndProject
Global
	GlobalSection(SolutionConfigurationPlatforms) = preSolution
		Debug|Any CPU = Debug|Any CPU
		Release|Any CPU = Release|Any CPU
	EndGlobalSection
	GlobalSection(ProjectConfigurationPlatforms) = postSolution
		{75C9BE19-CEA2-45C7-B772-DF2536DF8370}.Debug|Any CPU.ActiveCfg = Debug|Any CPU
		{75C9BE19-CEA2-45C7-B772-DF2536DF8370}.Debug|Any CPU.Build.0 = Debug|Any CPU
		{75C9BE19-CEA2-45C7-B772-DF2536DF8370}.Release|Any CPU.ActiveCfg = Release|Any CPU
		{75C9BE19-CEA2-45C7-B772-DF2536DF8370}.Release|Any CPU.Build.0 = Release|Any CPU
	EndGlobalSection
	GlobalSection(SolutionProperties) = preSolution
		HideSolutionNode = FALSE
	EndGlobalSection
	GlobalSection(ExtensibilityGlobals) = postSolution
		SolutionGuid = {B0CA464E-0880-46CC-AB9A-00193AA8631A}
	EndGlobalSection
EndGlobal
